{
  "requires": true,
  "lockfileVersion": 1,
  "dependencies": {
    "express-validator": {
      "version": "6.4.0",
      "resolved": "https://registry.npmjs.org/express-validator/-/express-validator-6.4.0.tgz",
      "integrity": "sha512-Fs+x0yDOSiUV+o5jIRloMyBxqpSzJiMM8KQW1IRVv2l49F6ATU0F9uPa+3K6vXNlLlhUjauv2FCGLFPMaNr24w==",
      "requires": {
        "lodash": "^4.17.15",
        "validator": "^12.1.0"
      }
    },
    "lodash": {
      "version": "4.17.15",
      "resolved": "https://registry.npmjs.org/lodash/-/lodash-4.17.15.tgz",
      "integrity": "sha512-8xOcRHvCjnocdS5cpwXQXVzmmh5e5+saE2QGoeQmbKmRS6J3VQppPOIt0MnmE+4xlZoumy0GPG0D0MVIQbNA1A=="
    },
    "validator": {
      "version": "12.2.0",
      "resolved": "https://registry.npmjs.org/validator/-/validator-12.2.0.tgz",
      "integrity": "sha512-jJfE/DW6tIK1Ek8nCfNFqt8Wb3nzMoAbocBF6/Icgg1ZFSBpObdnwVY2jQj6qUqzhx5jc71fpvBWyLGO7Xl+nQ=="
    }
  }
}
